{
  "name": "og-node",
  "version": "1.0.0",
  "lockfileVersion": 3,
  "requires": true,
  "packages": {
    "": {
      "name": "og-node",
      "version": "1.0.0",
      "license": "ISC",
      "dependencies": {
        "opengeometry": "^2.0.11"
      }
    },
    "node_modules/opengeometry": {
      "version": "2.0.11",
      "resolved": "https://registry.npmjs.org/opengeometry/-/opengeometry-2.0.11.tgz",
      "integrity": "sha512-VmpYYqbCF2GJlDNxPUKiOgFK4RLKiKJLleAyEqF4ESm+UCpbCAlpL3pKFPPxJj91HrBjdnIR3vwkv7XNLVFhYw==",
      "license": "MPL-2.0",
      "dependencies": {
        "uuid": "^10.0.0"
      },
      "peerDependencies": {
        "three": ">=0.168.0"
      }
    },
    "node_modules/three": {
      "version": "0.185.1",
      "resolved": "https://registry.npmjs.org/three/-/three-0.185.1.tgz",
      "integrity": "sha512-5aojFCXKwnjBRZvUnt3WFfEcvUJgkN5LlijRFN95hMy8WVkG4I0QNcJE+OuWvuJ0bOdStrbfXn0pkd6/QyiAlg==",
      "license": "MIT",
      "peer": true
    },
    "node_modules/uuid": {
      "version": "10.0.0",
      "resolved": "https://registry.npmjs.org/uuid/-/uuid-10.0.0.tgz",
      "integrity": "sha512-8XkAphELsDnEGrDxUOHB3RGvXz6TeuYSGEZBOjtTtPm2lwhGBjLgOzLHB63IUWfBpNucQjND6d3AOudO+H3RWQ==",
      "deprecated": "uuid@10 and below is no longer supported.  For ESM codebases, update to uuid@latest.  For CommonJS codebases, use uuid@11 (but be aware this version will likely be deprecated in 2028).",
      "funding": [
        "https://github.com/sponsors/broofa",
        "https://github.com/sponsors/ctavan"
      ],
      "license": "MIT",
      "bin": {
        "uuid": "dist/bin/uuid"
      }
    }
  }
}
